
Microsoft Visual Studio Solution File, Format Version 12.00
# Visual Studio 15
VisualStudioVersion = 15.0.27130.2027
MinimumVisualStudioVersion = 10.0.40219.1
Project("{FAE04EC0-301F-11D3-BF4B-00C04F79EFBC}") = "webSimpleApp", "webSimpleApp\webSimpleApp.csproj", "{E004769E-9B23-4E67-8092-109C1B345E3D}"
EndProject
Project("{FAE04EC0-301F-11D3-BF4B-00C04F79EFBC}") = "FlightMVC", "FlightMVC\FlightMVC.csproj", "{F5686DC1-FC85-4F13-8210-C038EDE10176}"
EndProject
Global
	GlobalSection(SolutionConfigurationPlatforms) = preSolution
		Debug|Any CPU = Debug|Any CPU
		Release|Any CPU = Release|Any CPU
	EndGlobalSection
	GlobalSection(ProjectConfigurationPlatforms) = postSolution
		{E004769E-9B23-4E67-8092-109C1B345E3D}.Debug|Any CPU.ActiveCfg = Debug|Any CPU
		{E004769E-9B23-4E67-8092-109C1B345E3D}.Debug|Any CPU.Build.0 = Debug|Any CPU
		{E004769E-9B23-4E67-8092-109C1B345E3D}.Release|Any CPU.ActiveCfg = Release|Any CPU
		{E004769E-9B23-4E67-8092-109C1B345E3D}.Release|Any CPU.Build.0 = Release|Any CPU
		{F5686DC1-FC85-4F13-8210-C038EDE10176}.Debug|Any CPU.ActiveCfg = Debug|Any CPU
		{F5686DC1-FC85-4F13-8210-C038EDE10176}.Debug|Any CPU.Build.0 = Debug|Any CPU
		{F5686DC1-FC85-4F13-8210-C038EDE10176}.Release|Any CPU.ActiveCfg = Release|Any CPU
		{F5686DC1-FC85-4F13-8210-C038EDE10176}.Release|Any CPU.Build.0 = Release|Any CPU
	EndGlobalSection
	GlobalSection(SolutionProperties) = preSolution
		HideSolutionNode = FALSE
	EndGlobalSection
	GlobalSection(ExtensibilityGlobals) = postSolution
		SolutionGuid = {12EFD000-BDAC-41FD-ABFB-A59304CF4F62}
	EndGlobalSection
EndGlobal
